
Microsoft Visual Studio Solution File, Format Version 12.00
# Visual Studio 15
VisualStudioVersion = 15.0.27004.2002
MinimumVisualStudioVersion = 10.0.40219.1
Project("{FAE04EC0-301F-11D3-BF4B-00C04F79EFBC}") = "TaskTicket", "TaskTicket\TaskTicket.csproj", "{18370406-C483-4204-A88A-66762CCC8D3B}"
EndProject
Global
	GlobalSection(SolutionConfigurationPlatforms) = preSolution
		Debug|Any CPU = Debug|Any CPU
		Release|Any CPU = Release|Any CPU
	EndGlobalSection
	GlobalSection(ProjectConfigurationPlatforms) = postSolution
		{18370406-C483-4204-A88A-66762CCC8D3B}.Debug|Any CPU.ActiveCfg = Debug|Any CPU
		{18370406-C483-4204-A88A-66762CCC8D3B}.Debug|Any CPU.Build.0 = Debug|Any CPU
		{18370406-C483-4204-A88A-66762CCC8D3B}.Release|Any CPU.ActiveCfg = Release|Any CPU
		{18370406-C483-4204-A88A-66762CCC8D3B}.Release|Any CPU.Build.0 = Release|Any CPU
	EndGlobalSection
	GlobalSection(SolutionProperties) = preSolution
		HideSolutionNode = FALSE
	EndGlobalSection
	GlobalSection(ExtensibilityGlobals) = postSolution
		SolutionGuid = {D9C39FC6-13B3-4B8F-BE29-F8262A429004}
	EndGlobalSection
EndGlobal
