
Microsoft Visual Studio Solution File, Format Version 12.00
# Visual Studio 15
VisualStudioVersion = 15.0.27004.2002
MinimumVisualStudioVersion = 10.0.40219.1
Project("{FAE04EC0-301F-11D3-BF4B-00C04F79EFBC}") = "TaskKirja", "TaskKirja\TaskKirja.csproj", "{69B6B854-B73A-4136-9112-0FBF8C33399E}"
EndProject
Global
	GlobalSection(SolutionConfigurationPlatforms) = preSolution
		Debug|Any CPU = Debug|Any CPU
		Release|Any CPU = Release|Any CPU
	EndGlobalSection
	GlobalSection(ProjectConfigurationPlatforms) = postSolution
		{69B6B854-B73A-4136-9112-0FBF8C33399E}.Debug|Any CPU.ActiveCfg = Debug|Any CPU
		{69B6B854-B73A-4136-9112-0FBF8C33399E}.Debug|Any CPU.Build.0 = Debug|Any CPU
		{69B6B854-B73A-4136-9112-0FBF8C33399E}.Release|Any CPU.ActiveCfg = Release|Any CPU
		{69B6B854-B73A-4136-9112-0FBF8C33399E}.Release|Any CPU.Build.0 = Release|Any CPU
	EndGlobalSection
	GlobalSection(SolutionProperties) = preSolution
		HideSolutionNode = FALSE
	EndGlobalSection
	GlobalSection(ExtensibilityGlobals) = postSolution
		SolutionGuid = {4F355F3E-9D3A-4223-A7BC-A66B0D903E0E}
	EndGlobalSection
EndGlobal
